
Microsoft Visual Studio Solution File, Format Version 12.00
# Visual Studio Version 17
VisualStudioVersion = 17.7.34031.279
MinimumVisualStudioVersion = 10.0.40219.1
Project("{FAE04EC0-301F-11D3-BF4B-00C04F79EFBC}") = "csharp 1", "csharp 1\csharp 1.csproj", "{A5F5C0D1-42B9-4840-A451-B177DC6A1CBF}"
EndProject
Global
	GlobalSection(SolutionConfigurationPlatforms) = preSolution
		Debug|Any CPU = Debug|Any CPU
		Release|Any CPU = Release|Any CPU
	EndGlobalSection
	GlobalSection(ProjectConfigurationPlatforms) = postSolution
		{A5F5C0D1-42B9-4840-A451-B177DC6A1CBF}.Debug|Any CPU.ActiveCfg = Debug|Any CPU
		{A5F5C0D1-42B9-4840-A451-B177DC6A1CBF}.Debug|Any CPU.Build.0 = Debug|Any CPU
		{A5F5C0D1-42B9-4840-A451-B177DC6A1CBF}.Release|Any CPU.ActiveCfg = Release|Any CPU
		{A5F5C0D1-42B9-4840-A451-B177DC6A1CBF}.Release|Any CPU.Build.0 = Release|Any CPU
	EndGlobalSection
	GlobalSection(SolutionProperties) = preSolution
		HideSolutionNode = FALSE
	EndGlobalSection
	GlobalSection(ExtensibilityGlobals) = postSolution
		SolutionGuid = {3DAD4D69-D91C-4134-B937-8FC6CA317F2E}
	EndGlobalSection
EndGlobal
